# THIS IS AN AUTOGENERATED FILE. DO NOT EDIT THIS FILE DIRECTLY.
# yarn lockfile v1


"@types/vue@^2.0.0":
  version "2.0.0"
  resolved "http://registry.npm.taobao.org/@types/vue/download/@types/vue-2.0.0.tgz#ec77b3d89591deb9ca5cb052368aa9c32be088e7"
  dependencies:
    vue "*"

typescript@^2.9.0-dev.20180418:
  version "2.9.0-dev.20180418"
  resolved "http://registry.npm.taobao.org/typescript/download/typescript-2.9.0-dev.20180418.tgz#a3097c3d478d0ea11068a18e643055fcd74d8cb0"

vue@*, vue@^2.5.16:
  version "2.5.16"
  resolved "http://registry.npm.taobao.org/vue/download/vue-2.5.16.tgz#07edb75e8412aaeed871ebafa99f4672584a0085"
